// !$*UTF8*$!
{
	archiveVersion = 1;
	classes = {
	};
	objectVersion = 48;
	objects = {

/* Begin PBXBuildFile section */
		D0A99699B7A5FFA4D189571B /* Pods_app_ios.framework in Frameworks */ = {isa = PBXBuildFile; fileRef = 9B5B80B55FBA0BEDAF270B3A /* Pods_app_ios.framework */; };
		E25D00671FC9145400113B9B /* TweetUpdateFormController.swift in Sources */ = {isa = PBXBuildFile; fileRef = E25D00661FC9145400113B9B /* TweetUpdateFormController.swift */; };
		E2E0FAB11FC7D35F009CF1F6 /* AppDelegate.swift in Sources */ = {isa = PBXBuildFile; fileRef = E2E0FAB01FC7D35F009CF1F6 /* AppDelegate.swift */; };
		E2E0FAB61FC7D35F009CF1F6 /* Main.storyboard in Resources */ = {isa = PBXBuildFile; fileRef = E2E0FAB41FC7D35F009CF1F6 /* Main.storyboard */; };
		E2E0FAB81FC7D35F009CF1F6 /* Assets.xcassets in Resources */ = {isa = PBXBuildFile; fileRef = E2E0FAB71FC7D35F009CF1F6 /* Assets.xcassets */; };
		E2E0FABB1FC7D35F009CF1F6 /* LaunchScreen.storyboard in Resources */ = {isa = PBXBuildFile; fileRef = E2E0FAB91FC7D35F009CF1F6 /* LaunchScreen.storyboard */; };
		E2E0FAC31FC7D420009CF1F6 /* TweetsViewController.swift in Sources */ = {isa = PBXBuildFile; fileRef = E2E0FAC21FC7D420009CF1F6 /* TweetsViewController.swift */; };
		E2E0FAC51FC7D8CA009CF1F6 /* tweet.swift in Sources */ = {isa = PBXBuildFile; fileRef = E2E0FAC41FC7D8CA009CF1F6 /* tweet.swift */; };
		E2EA49E41FC7EE2700919BCB /* TweetDetailViewController.swift in Sources */ = {isa = PBXBuildFile; fileRef = E2EA49E31FC7EE2700919BCB /* TweetDetailViewController.swift */; };
		E2EA49E61FC7F67000919BCB /* TweetCreateFormController.swift in Sources */ = {isa = PBXBuildFile; fileRef = E2EA49E51FC7F67000919BCB /* TweetCreateFormController.swift */; };
/* End PBXBuildFile section */

/* Begin PBXFileReference section */
		4F3066B8304C07D17F123790 /* Pods-app_ios.release.xcconfig */ = {isa = PBXFileReference; includeInIndex = 1; lastKnownFileType = text.xcconfig; name = "Pods-app_ios.release.xcconfig"; path = "Pods/Target Support Files/Pods-app_ios/Pods-app_ios.release.xcconfig"; sourceTree = "<group>"; };
		9B5B80B55FBA0BEDAF270B3A /* Pods_app_ios.framework */ = {isa = PBXFileReference; explicitFileType = wrapper.framework; includeInIndex = 0; path = Pods_app_ios.framework; sourceTree = BUILT_PRODUCTS_DIR; };
		DF6EA67BD9838C7673E0DBA6 /* Pods-app_ios.debug.xcconfig */ = {isa = PBXFileReference; includeInIndex = 1; lastKnownFileType = text.xcconfig; name = "Pods-app_ios.debug.xcconfig"; path = "Pods/Target Support Files/Pods-app_ios/Pods-app_ios.debug.xcconfig"; sourceTree = "<group>"; };
		E25D00661FC9145400113B9B /* TweetUpdateFormController.swift */ = {isa = PBXFileReference; lastKnownFileType = sourcecode.swift; path = TweetUpdateFormController.swift; sourceTree = "<group>"; };
		E2E0FAAD1FC7D35F009CF1F6 /* app_ios.app */ = {isa = PBXFileReference; explicitFileType = wrapper.application; includeInIndex = 0; path = app_ios.app; sourceTree = BUILT_PRODUCTS_DIR; };
		E2E0FAB01FC7D35F009CF1F6 /* AppDelegate.swift */ = {isa = PBXFileReference; lastKnownFileType = sourcecode.swift; path = AppDelegate.swift; sourceTree = "<group>"; };
		E2E0FAB51FC7D35F009CF1F6 /* Base */ = {isa = PBXFileReference; lastKnownFileType = file.storyboard; name = Base; path = Base.lproj/Main.storyboard; sourceTree = "<group>"; };
		E2E0FAB71FC7D35F009CF1F6 /* Assets.xcassets */ = {isa = PBXFileReference; lastKnownFileType = folder.assetcatalog; path = Assets.xcassets; sourceTree = "<group>"; };
		E2E0FABA1FC7D35F009CF1F6 /* Base */ = {isa = PBXFileReference; lastKnownFileType = file.storyboard; name = Base; path = Base.lproj/LaunchScreen.storyboard; sourceTree = "<group>"; };
		E2E0FABC1FC7D35F009CF1F6 /* Info.plist */ = {isa = PBXFileReference; lastKnownFileType = text.plist.xml; path = Info.plist; sourceTree = "<group>"; };
		E2E0FAC21FC7D420009CF1F6 /* TweetsViewController.swift */ = {isa = PBXFileReference; lastKnownFileType = sourcecode.swift; path = TweetsViewController.swift; sourceTree = "<group>"; };
		E2E0FAC41FC7D8CA009CF1F6 /* tweet.swift */ = {isa = PBXFileReference; lastKnownFileType = sourcecode.swift; path = tweet.swift; sourceTree = "<group>"; };
		E2EA49E31FC7EE2700919BCB /* TweetDetailViewController.swift */ = {isa = PBXFileReference; lastKnownFileType = sourcecode.swift; path = TweetDetailViewController.swift; sourceTree = "<group>"; };
		E2EA49E51FC7F67000919BCB /* TweetCreateFormController.swift */ = {isa = PBXFileReference; lastKnownFileType = sourcecode.swift; path = TweetCreateFormController.swift; sourceTree = "<group>"; };
/* End PBXFileReference section */

/* Begin PBXFrameworksBuildPhase section */
		E2E0FAAA1FC7D35F009CF1F6 /* Frameworks */ = {
			isa = PBXFrameworksBuildPhase;
			buildActionMask = 2147483647;
			files = (
				D0A99699B7A5FFA4D189571B /* Pods_app_ios.framework in Frameworks */,
			);
			runOnlyForDeploymentPostprocessing = 0;
		};
/* End PBXFrameworksBuildPhase section */

/* Begin PBXGroup section */
		918D34753A82E189F50719CC /* Frameworks */ = {
			isa = PBXGroup;
			children = (
				9B5B80B55FBA0BEDAF270B3A /* Pods_app_ios.framework */,
			);
			name = Frameworks;
			sourceTree = "<group>";
		};
		B7CFC82BFA2F277781CD42CA /* Pods */ = {
			isa = PBXGroup;
			children = (
				DF6EA67BD9838C7673E0DBA6 /* Pods-app_ios.debug.xcconfig */,
				4F3066B8304C07D17F123790 /* Pods-app_ios.release.xcconfig */,
			);
			name = Pods;
			sourceTree = "<group>";
		};
		E2E0FAA41FC7D35F009CF1F6 = {
			isa = PBXGroup;
			children = (
				E2E0FAAF1FC7D35F009CF1F6 /* app_ios */,
				E2E0FAAE1FC7D35F009CF1F6 /* Products */,
				B7CFC82BFA2F277781CD42CA /* Pods */,
				918D34753A82E189F50719CC /* Frameworks */,
			);
			sourceTree = "<group>";
		};
		E2E0FAAE1FC7D35F009CF1F6 /* Products */ = {
			isa = PBXGroup;
			children = (
				E2E0FAAD1FC7D35F009CF1F6 /* app_ios.app */,
			);
			name = Products;
			sourceTree = "<group>";
		};
		E2E0FAAF1FC7D35F009CF1F6 /* app_ios */ = {
			isa = PBXGroup;
			children = (
				E2EA49E31FC7EE2700919BCB /* TweetDetailViewController.swift */,
				E2E0FAB01FC7D35F009CF1F6 /* AppDelegate.swift */,
				E2E0FAB41FC7D35F009CF1F6 /* Main.storyboard */,
				E25D00661FC9145400113B9B /* TweetUpdateFormController.swift */,
				E2E0FAB71FC7D35F009CF1F6 /* Assets.xcassets */,
				E2E0FAB91FC7D35F009CF1F6 /* LaunchScreen.storyboard */,
				E2E0FABC1FC7D35F009CF1F6 /* Info.plist */,
				E2E0FAC21FC7D420009CF1F6 /* TweetsViewController.swift */,
				E2EA49E51FC7F67000919BCB /* TweetCreateFormController.swift */,
				E2E0FAC41FC7D8CA009CF1F6 /* tweet.swift */,
			);
			path = app_ios;
			sourceTree = "<group>";
		};
/* End PBXGroup section */

/* Begin PBXNativeTarget section */
		E2E0FAAC1FC7D35F009CF1F6 /* app_ios */ = {
			isa = PBXNativeTarget;
			buildConfigurationList = E2E0FABF1FC7D35F009CF1F6 /* Build configuration list for PBXNativeTarget "app_ios" */;
			buildPhases = (
				FE02E2977AF77DDF626040CC /* [CP] Check Pods Manifest.lock */,
				E2E0FAA91FC7D35F009CF1F6 /* Sources */,
				E2E0FAAA1FC7D35F009CF1F6 /* Frameworks */,
				E2E0FAAB1FC7D35F009CF1F6 /* Resources */,
				41CD1DC214FA2D3F520406D8 /* [CP] Embed Pods Frameworks */,
				EEDBBEE4FAAC6E6E1CDF2A50 /* [CP] Copy Pods Resources */,
			);
			buildRules = (
			);
			dependencies = (
			);
			name = app_ios;
			productName = app_ios;
			productReference = E2E0FAAD1FC7D35F009CF1F6 /* app_ios.app */;
			productType = "com.apple.product-type.application";
		};
/* End PBXNativeTarget section */

/* Begin PBXProject section */
		E2E0FAA51FC7D35F009CF1F6 /* Project object */ = {
			isa = PBXProject;
			attributes = {
				LastSwiftUpdateCheck = 0910;
				LastUpgradeCheck = 0910;
				ORGANIZATIONNAME = kazuya.tsubone;
				TargetAttributes = {
					E2E0FAAC1FC7D35F009CF1F6 = {
						CreatedOnToolsVersion = 9.1;
						ProvisioningStyle = Automatic;
					};
				};
			};
			buildConfigurationList = E2E0FAA81FC7D35F009CF1F6 /* Build configuration list for PBXProject "app_ios" */;
			compatibilityVersion = "Xcode 8.0";
			developmentRegion = en;
			hasScannedForEncodings = 0;
			knownRegions = (
				en,
				Base,
			);
			mainGroup = E2E0FAA41FC7D35F009CF1F6;
			productRefGroup = E2E0FAAE1FC7D35F009CF1F6 /* Products */;
			projectDirPath = "";
			projectRoot = "";
			targets = (
				E2E0FAAC1FC7D35F009CF1F6 /* app_ios */,
			);
		};
/* End PBXProject section */

/* Begin PBXResourcesBuildPhase section */
		E2E0FAAB1FC7D35F009CF1F6 /* Resources */ = {
			isa = PBXResourcesBuildPhase;
			buildActionMask = 2147483647;
			files = (
				E2E0FABB1FC7D35F009CF1F6 /* LaunchScreen.storyboard in Resources */,
				E2E0FAB81FC7D35F009CF1F6 /* Assets.xcassets in Resources */,
				E2E0FAB61FC7D35F009CF1F6 /* Main.storyboard in Resources */,
			);
			runOnlyForDeploymentPostprocessing = 0;
		};
/* End PBXResourcesBuildPhase section */

/* Begin PBXShellScriptBuildPhase section */
		41CD1DC214FA2D3F520406D8 /* [CP] Embed Pods Frameworks */ = {
			isa = PBXShellScriptBuildPhase;
			buildActionMask = 2147483647;
			files = (
			);
			inputPaths = (
				"${SRCROOT}/Pods/Target Support Files/Pods-app_ios/Pods-app_ios-frameworks.sh",
				"${BUILT_PRODUCTS_DIR}/KHAForm/KHAForm.framework",
			);
			name = "[CP] Embed Pods Frameworks";
			outputPaths = (
				"${TARGET_BUILD_DIR}/${FRAMEWORKS_FOLDER_PATH}/KHAForm.framework",
			);
			runOnlyForDeploymentPostprocessing = 0;
			shellPath = /bin/sh;
			shellScript = "\"${SRCROOT}/Pods/Target Support Files/Pods-app_ios/Pods-app_ios-frameworks.sh\"\n";
			showEnvVarsInLog = 0;
		};
		EEDBBEE4FAAC6E6E1CDF2A50 /* [CP] Copy Pods Resources */ = {
			isa = PBXShellScriptBuildPhase;
			buildActionMask = 2147483647;
			files = (
			);
			inputPaths = (
			);
			name = "[CP] Copy Pods Resources";
			outputPaths = (
			);
			runOnlyForDeploymentPostprocessing = 0;
			shellPath = /bin/sh;
			shellScript = "\"${SRCROOT}/Pods/Target Support Files/Pods-app_ios/Pods-app_ios-resources.sh\"\n";
			showEnvVarsInLog = 0;
		};
		FE02E2977AF77DDF626040CC /* [CP] Check Pods Manifest.lock */ = {
			isa = PBXShellScriptBuildPhase;
			buildActionMask = 2147483647;
			files = (
			);
			inputPaths = (
				"${PODS_PODFILE_DIR_PATH}/Podfile.lock",
				"${PODS_ROOT}/Manifest.lock",
			);
			name = "[CP] Check Pods Manifest.lock";
			outputPaths = (
				"$(DERIVED_FILE_DIR)/Pods-app_ios-checkManifestLockResult.txt",
			);
			runOnlyForDeploymentPostprocessing = 0;
			shellPath = /bin/sh;
			shellScript = "diff \"${PODS_PODFILE_DIR_PATH}/Podfile.lock\" \"${PODS_ROOT}/Manifest.lock\" > /dev/null\nif [ $? != 0 ] ; then\n    # print error to STDERR\n    echo \"error: The sandbox is not in sync with the Podfile.lock. Run 'pod install' or update your CocoaPods installation.\" >&2\n    exit 1\nfi\n# This output is used by Xcode 'outputs' to avoid re-running this script phase.\necho \"SUCCESS\" > \"${SCRIPT_OUTPUT_FILE_0}\"\n";
			showEnvVarsInLog = 0;
		};
/* End PBXShellScriptBuildPhase section */

/* Begin PBXSourcesBuildPhase section */
		E2E0FAA91FC7D35F009CF1F6 /* Sources */ = {
			isa = PBXSourcesBuildPhase;
			buildActionMask = 2147483647;
			files = (
				E2E0FAB11FC7D35F009CF1F6 /* AppDelegate.swift in Sources */,
				E2EA49E41FC7EE2700919BCB /* TweetDetailViewController.swift in Sources */,
				E25D00671FC9145400113B9B /* TweetUpdateFormController.swift in Sources */,
				E2E0FAC51FC7D8CA009CF1F6 /* tweet.swift in Sources */,
				E2E0FAC31FC7D420009CF1F6 /* TweetsViewController.swift in Sources */,
				E2EA49E61FC7F67000919BCB /* TweetCreateFormController.swift in Sources */,
			);
			runOnlyForDeploymentPostprocessing = 0;
		};
/* End PBXSourcesBuildPhase section */

/* Begin PBXVariantGroup section */
		E2E0FAB41FC7D35F009CF1F6 /* Main.storyboard */ = {
			isa = PBXVariantGroup;
			children = (
				E2E0FAB51FC7D35F009CF1F6 /* Base */,
			);
			name = Main.storyboard;
			sourceTree = "<group>";
		};
		E2E0FAB91FC7D35F009CF1F6 /* LaunchScreen.storyboard */ = {
			isa = PBXVariantGroup;
			children = (
				E2E0FABA1FC7D35F009CF1F6 /* Base */,
			);
			name = LaunchScreen.storyboard;
			sourceTree = "<group>";
		};
/* End PBXVariantGroup section */

/* Begin XCBuildConfiguration section */
		E2E0FABD1FC7D35F009CF1F6 /* Debug */ = {
			isa = XCBuildConfiguration;
			buildSettings = {
				ALWAYS_SEARCH_USER_PATHS = NO;
				CLANG_ANALYZER_NONNULL = YES;
				CLANG_ANALYZER_NUMBER_OBJECT_CONVERSION = YES_AGGRESSIVE;
				CLANG_CXX_LANGUAGE_STANDARD = "gnu++14";
				CLANG_CXX_LIBRARY = "libc++";
				CLANG_ENABLE_MODULES = YES;
				CLANG_ENABLE_OBJC_ARC = YES;
				CLANG_WARN_BLOCK_CAPTURE_AUTORELEASING = YES;
				CLANG_WARN_BOOL_CONVERSION = YES;
				CLANG_WARN_COMMA = YES;
				CLANG_WARN_CONSTANT_CONVERSION = YES;
				CLANG_WARN_DIRECT_OBJC_ISA_USAGE = YES_ERROR;
				CLANG_WARN_DOCUMENTATION_COMMENTS = YES;
				CLANG_WARN_EMPTY_BODY = YES;
				CLANG_WARN_ENUM_CONVERSION = YES;
				CLANG_WARN_INFINITE_RECURSION = YES;
				CLANG_WARN_INT_CONVERSION = YES;
				CLANG_WARN_NON_LITERAL_NULL_CONVERSION = YES;
				CLANG_WARN_OBJC_LITERAL_CONVERSION = YES;
				CLANG_WARN_OBJC_ROOT_CLASS = YES_ERROR;
				CLANG_WARN_RANGE_LOOP_ANALYSIS = YES;
				CLANG_WARN_STRICT_PROTOTYPES = YES;
				CLANG_WARN_SUSPICIOUS_MOVE = YES;
				CLANG_WARN_UNGUARDED_AVAILABILITY = YES_AGGRESSIVE;
				CLANG_WARN_UNREACHABLE_CODE = YES;
				CLANG_WARN__DUPLICATE_METHOD_MATCH = YES;
				CODE_SIGN_IDENTITY = "iPhone Developer";
				COPY_PHASE_STRIP = NO;
				DEBUG_INFORMATION_FORMAT = dwarf;
				ENABLE_STRICT_OBJC_MSGSEND = YES;
				ENABLE_TESTABILITY = YES;
				GCC_C_LANGUAGE_STANDARD = gnu11;
				GCC_DYNAMIC_NO_PIC = NO;
				GCC_NO_COMMON_BLOCKS = YES;
				GCC_OPTIMIZATION_LEVEL = 0;
				GCC_PREPROCESSOR_DEFINITIONS = (
					"DEBUG=1",
					"$(inherited)",
				);
				GCC_WARN_64_TO_32_BIT_CONVERSION = YES;
				GCC_WARN_ABOUT_RETURN_TYPE = YES_ERROR;
				GCC_WARN_UNDECLARED_SELECTOR = YES;
				GCC_WARN_UNINITIALIZED_AUTOS = YES_AGGRESSIVE;
				GCC_WARN_UNUSED_FUNCTION = YES;
				GCC_WARN_UNUSED_VARIABLE = YES;
				IPHONEOS_DEPLOYMENT_TARGET = 11.1;
				MTL_ENABLE_DEBUG_INFO = YES;
				ONLY_ACTIVE_ARCH = YES;
				SDKROOT = iphoneos;
				SWIFT_ACTIVE_COMPILATION_CONDITIONS = DEBUG;
				SWIFT_OPTIMIZATION_LEVEL = "-Onone";
			};
			name = Debug;
		};
		E2E0FABE1FC7D35F009CF1F6 /* Release */ = {
			isa = XCBuildConfiguration;
			buildSettings = {
				ALWAYS_SEARCH_USER_PATHS = NO;
				CLANG_ANALYZER_NONNULL = YES;
				CLANG_ANALYZER_NUMBER_OBJECT_CONVERSION = YES_AGGRESSIVE;
				CLANG_CXX_LANGUAGE_STANDARD = "gnu++14";
				CLANG_CXX_LIBRARY = "libc++";
				CLANG_ENABLE_MODULES = YES;
				CLANG_ENABLE_OBJC_ARC = YES;
				CLANG_WARN_BLOCK_CAPTURE_AUTORELEASING = YES;
				CLANG_WARN_BOOL_CONVERSION = YES;
				CLANG_WARN_COMMA = YES;
				CLANG_WARN_CONSTANT_CONVERSION = YES;
				CLANG_WARN_DIRECT_OBJC_ISA_USAGE = YES_ERROR;
				CLANG_WARN_DOCUMENTATION_COMMENTS = YES;
				CLANG_WARN_EMPTY_BODY = YES;
				CLANG_WARN_ENUM_CONVERSION = YES;
				CLANG_WARN_INFINITE_RECURSION = YES;
				CLANG_WARN_INT_CONVERSION = YES;
				CLANG_WARN_NON_LITERAL_NULL_CONVERSION = YES;
				CLANG_WARN_OBJC_LITERAL_CONVERSION = YES;
				CLANG_WARN_OBJC_ROOT_CLASS = YES_ERROR;
				CLANG_WARN_RANGE_LOOP_ANALYSIS = YES;
				CLANG_WARN_STRICT_PROTOTYPES = YES;
				CLANG_WARN_SUSPICIOUS_MOVE = YES;
				CLANG_WARN_UNGUARDED_AVAILABILITY = YES_AGGRESSIVE;
				CLANG_WARN_UNREACHABLE_CODE = YES;
				CLANG_WARN__DUPLICATE_METHOD_MATCH = YES;
				CODE_SIGN_IDENTITY = "iPhone Developer";
				COPY_PHASE_STRIP = NO;
				DEBUG_INFORMATION_FORMAT = "dwarf-with-dsym";
				ENABLE_NS_ASSERTIONS = NO;
				ENABLE_STRICT_OBJC_MSGSEND = YES;
				GCC_C_LANGUAGE_STANDARD = gnu11;
				GCC_NO_COMMON_BLOCKS = YES;
				GCC_WARN_64_TO_32_BIT_CONVERSION = YES;
				GCC_WARN_ABOUT_RETURN_TYPE = YES_ERROR;
				GCC_WARN_UNDECLARED_SELECTOR = YES;
				GCC_WARN_UNINITIALIZED_AUTOS = YES_AGGRESSIVE;
				GCC_WARN_UNUSED_FUNCTION = YES;
				GCC_WARN_UNUSED_VARIABLE = YES;
				IPHONEOS_DEPLOYMENT_TARGET = 11.1;
				MTL_ENABLE_DEBUG_INFO = NO;
				SDKROOT = iphoneos;
				SWIFT_OPTIMIZATION_LEVEL = "-Owholemodule";
				VALIDATE_PRODUCT = YES;
			};
			name = Release;
		};
		E2E0FAC01FC7D35F009CF1F6 /* Debug */ = {
			isa = XCBuildConfiguration;
			baseConfigurationReference = DF6EA67BD9838C7673E0DBA6 /* Pods-app_ios.debug.xcconfig */;
			buildSettings = {
				ASSETCATALOG_COMPILER_APPICON_NAME = AppIcon;
				CODE_SIGN_STYLE = Automatic;
				DEVELOPMENT_TEAM = E9WR8XZSAT;
				INFOPLIST_FILE = app_ios/Info.plist;
				LD_RUNPATH_SEARCH_PATHS = "$(inherited) @executable_path/Frameworks";
				PRODUCT_BUNDLE_IDENTIFIER = "jp.tsubonet.app-ios";
				PRODUCT_NAME = "$(TARGET_NAME)";
				SWIFT_VERSION = 4.0;
				TARGETED_DEVICE_FAMILY = "1,2";
			};
			name = Debug;
		};
		E2E0FAC11FC7D35F009CF1F6 /* Release */ = {
			isa = XCBuildConfiguration;
			baseConfigurationReference = 4F3066B8304C07D17F123790 /* Pods-app_ios.release.xcconfig */;
			buildSettings = {
				ASSETCATALOG_COMPILER_APPICON_NAME = AppIcon;
				CODE_SIGN_STYLE = Automatic;
				DEVELOPMENT_TEAM = E9WR8XZSAT;
				INFOPLIST_FILE = app_ios/Info.plist;
				LD_RUNPATH_SEARCH_PATHS = "$(inherited) @executable_path/Frameworks";
				PRODUCT_BUNDLE_IDENTIFIER = "jp.tsubonet.app-ios";
				PRODUCT_NAME = "$(TARGET_NAME)";
				SWIFT_VERSION = 4.0;
				TARGETED_DEVICE_FAMILY = "1,2";
			};
			name = Release;
		};
/* End XCBuildConfiguration section */

/* Begin XCConfigurationList section */
		E2E0FAA81FC7D35F009CF1F6 /* Build configuration list for PBXProject "app_ios" */ = {
			isa = XCConfigurationList;
			buildConfigurations = (
				E2E0FABD1FC7D35F009CF1F6 /* Debug */,
				E2E0FABE1FC7D35F009CF1F6 /* Release */,
			);
			defaultConfigurationIsVisible = 0;
			defaultConfigurationName = Release;
		};
		E2E0FABF1FC7D35F009CF1F6 /* Build configuration list for PBXNativeTarget "app_ios" */ = {
			isa = XCConfigurationList;
			buildConfigurations = (
				E2E0FAC01FC7D35F009CF1F6 /* Debug */,
				E2E0FAC11FC7D35F009CF1F6 /* Release */,
			);
			defaultConfigurationIsVisible = 0;
			defaultConfigurationName = Release;
		};
/* End XCConfigurationList section */
	};
	rootObject = E2E0FAA51FC7D35F009CF1F6 /* Project object */;
}
